
Microsoft Visual Studio Solution File, Format Version 12.00
# Visual Studio Version 16
VisualStudioVersion = 16.0.30717.126
MinimumVisualStudioVersion = 10.0.40219.1
Project("{FAE04EC0-301F-11D3-BF4B-00C04F79EFBC}") = "MasterMentenance", "MasterMentenance\MasterMentenance.csproj", "{7108F337-7972-45AB-94EB-9345AAC4FA9D}"
EndProject
Global
	GlobalSection(SolutionConfigurationPlatforms) = preSolution
		Debug|Any CPU = Debug|Any CPU
		Release|Any CPU = Release|Any CPU
	EndGlobalSection
	GlobalSection(ProjectConfigurationPlatforms) = postSolution
		{7108F337-7972-45AB-94EB-9345AAC4FA9D}.Debug|Any CPU.ActiveCfg = Debug|Any CPU
		{7108F337-7972-45AB-94EB-9345AAC4FA9D}.Debug|Any CPU.Build.0 = Debug|Any CPU
		{7108F337-7972-45AB-94EB-9345AAC4FA9D}.Release|Any CPU.ActiveCfg = Release|Any CPU
		{7108F337-7972-45AB-94EB-9345AAC4FA9D}.Release|Any CPU.Build.0 = Release|Any CPU
	EndGlobalSection
	GlobalSection(SolutionProperties) = preSolution
		HideSolutionNode = FALSE
	EndGlobalSection
	GlobalSection(ExtensibilityGlobals) = postSolution
		SolutionGuid = {4F4BF628-2629-4719-AEB0-EBF594A35307}
	EndGlobalSection
EndGlobal
